
Microsoft Visual Studio Solution File, Format Version 12.00
# Visual Studio Version 16
VisualStudioVersion = 16.0.30011.22
MinimumVisualStudioVersion = 10.0.40219.1
Project("{8BC9CEB8-8B4A-11D0-8D11-00A0C91BC942}") = "Barcode2KokuraOri", "Talking KokuraOri\Talking KokuraOri.vcxproj", "{6658FE91-C3B4-419F-89E3-A075E7863A72}"
EndProject
Project("{FAE04EC0-301F-11D3-BF4B-00C04F79EFBC}") = "DPIChanger", "DPIChanger\DPIChanger.csproj", "{DD086BED-CF95-4CFE-B313-2998DCD160B3}"
EndProject
Global
	GlobalSection(SolutionConfigurationPlatforms) = preSolution
		Debug|Any CPU = Debug|Any CPU
		Debug|x64 = Debug|x64
		Debug|x86 = Debug|x86
		Release|Any CPU = Release|Any CPU
		Release|x64 = Release|x64
		Release|x86 = Release|x86
	EndGlobalSection
	GlobalSection(ProjectConfigurationPlatforms) = postSolution
		{6658FE91-C3B4-419F-89E3-A075E7863A72}.Debug|Any CPU.ActiveCfg = Debug|Win32
		{6658FE91-C3B4-419F-89E3-A075E7863A72}.Debug|x64.ActiveCfg = Debug|x64
		{6658FE91-C3B4-419F-89E3-A075E7863A72}.Debug|x64.Build.0 = Debug|x64
		{6658FE91-C3B4-419F-89E3-A075E7863A72}.Debug|x86.ActiveCfg = Debug|Win32
		{6658FE91-C3B4-419F-89E3-A075E7863A72}.Debug|x86.Build.0 = Debug|Win32
		{6658FE91-C3B4-419F-89E3-A075E7863A72}.Release|Any CPU.ActiveCfg = Release|Win32
		{6658FE91-C3B4-419F-89E3-A075E7863A72}.Release|x64.ActiveCfg = Release|x64
		{6658FE91-C3B4-419F-89E3-A075E7863A72}.Release|x64.Build.0 = Release|x64
		{6658FE91-C3B4-419F-89E3-A075E7863A72}.Release|x86.ActiveCfg = Release|Win32
		{6658FE91-C3B4-419F-89E3-A075E7863A72}.Release|x86.Build.0 = Release|Win32
		{DD086BED-CF95-4CFE-B313-2998DCD160B3}.Debug|Any CPU.ActiveCfg = Debug|Any CPU
		{DD086BED-CF95-4CFE-B313-2998DCD160B3}.Debug|Any CPU.Build.0 = Debug|Any CPU
		{DD086BED-CF95-4CFE-B313-2998DCD160B3}.Debug|x64.ActiveCfg = Debug|Any CPU
		{DD086BED-CF95-4CFE-B313-2998DCD160B3}.Debug|x64.Build.0 = Debug|Any CPU
		{DD086BED-CF95-4CFE-B313-2998DCD160B3}.Debug|x86.ActiveCfg = Debug|Any CPU
		{DD086BED-CF95-4CFE-B313-2998DCD160B3}.Debug|x86.Build.0 = Debug|Any CPU
		{DD086BED-CF95-4CFE-B313-2998DCD160B3}.Release|Any CPU.ActiveCfg = Release|Any CPU
		{DD086BED-CF95-4CFE-B313-2998DCD160B3}.Release|Any CPU.Build.0 = Release|Any CPU
		{DD086BED-CF95-4CFE-B313-2998DCD160B3}.Release|x64.ActiveCfg = Release|Any CPU
		{DD086BED-CF95-4CFE-B313-2998DCD160B3}.Release|x64.Build.0 = Release|Any CPU
		{DD086BED-CF95-4CFE-B313-2998DCD160B3}.Release|x86.ActiveCfg = Release|Any CPU
		{DD086BED-CF95-4CFE-B313-2998DCD160B3}.Release|x86.Build.0 = Release|Any CPU
	EndGlobalSection
	GlobalSection(SolutionProperties) = preSolution
		HideSolutionNode = FALSE
	EndGlobalSection
	GlobalSection(ExtensibilityGlobals) = postSolution
		SolutionGuid = {B13C8A9E-6E34-4328-BED4-A6841F467235}
	EndGlobalSection
EndGlobal
